
Microsoft Visual Studio Solution File, Format Version 12.00
# Visual Studio 2012
Project("{FAE04EC0-301F-11D3-BF4B-00C04F79EFBC}") = "Task1", "Task1\Task1.csproj", "{4C51DC0F-AA18-482F-A571-FEE25DB9F96A}"
EndProject
Project("{FAE04EC0-301F-11D3-BF4B-00C04F79EFBC}") = "Task2", "Task2\Task2.csproj", "{69D82881-4850-4CA5-BD39-BA7AF60F9914}"
EndProject
Global
	GlobalSection(SolutionConfigurationPlatforms) = preSolution
		Debug|Any CPU = Debug|Any CPU
		Release|Any CPU = Release|Any CPU
	EndGlobalSection
	GlobalSection(ProjectConfigurationPlatforms) = postSolution
		{4C51DC0F-AA18-482F-A571-FEE25DB9F96A}.Debug|Any CPU.ActiveCfg = Debug|Any CPU
		{4C51DC0F-AA18-482F-A571-FEE25DB9F96A}.Debug|Any CPU.Build.0 = Debug|Any CPU
		{4C51DC0F-AA18-482F-A571-FEE25DB9F96A}.Release|Any CPU.ActiveCfg = Release|Any CPU
		{4C51DC0F-AA18-482F-A571-FEE25DB9F96A}.Release|Any CPU.Build.0 = Release|Any CPU
		{69D82881-4850-4CA5-BD39-BA7AF60F9914}.Debug|Any CPU.ActiveCfg = Debug|Any CPU
		{69D82881-4850-4CA5-BD39-BA7AF60F9914}.Debug|Any CPU.Build.0 = Debug|Any CPU
		{69D82881-4850-4CA5-BD39-BA7AF60F9914}.Release|Any CPU.ActiveCfg = Release|Any CPU
		{69D82881-4850-4CA5-BD39-BA7AF60F9914}.Release|Any CPU.Build.0 = Release|Any CPU
	EndGlobalSection
	GlobalSection(SolutionProperties) = preSolution
		HideSolutionNode = FALSE
	EndGlobalSection
EndGlobal
