
Microsoft Visual Studio Solution File, Format Version 12.00
# Visual Studio 2012
Project("{FAE04EC0-301F-11D3-BF4B-00C04F79EFBC}") = "Task1", "Task1\Task1.csproj", "{4C51DC0F-AA18-482F-A571-FEE25DB9F96A}"
EndProject
Project("{FAE04EC0-301F-11D3-BF4B-00C04F79EFBC}") = "Task2", "Task2\Task2.csproj", "{69D82881-4850-4CA5-BD39-BA7AF60F9914}"
EndProject
Project("{FAE04EC0-301F-11D3-BF4B-00C04F79EFBC}") = "Task3", "Task3\Task3.csproj", "{CCD75F1E-428A-4CC8-8ED2-9F677F93EBCE}"
EndProject
Project("{FAE04EC0-301F-11D3-BF4B-00C04F79EFBC}") = "Task4", "Task4\Task4.csproj", "{2F6C1C17-9242-4D06-8B48-615A99600223}"
EndProject
Project("{FAE04EC0-301F-11D3-BF4B-00C04F79EFBC}") = "Task5", "Task5\Task5.csproj", "{CBEA485D-F1B8-4B87-B3A8-C63A809EA3EA}"
EndProject
Project("{FAE04EC0-301F-11D3-BF4B-00C04F79EFBC}") = "Task6", "Task6\Task6.csproj", "{EC392EDA-652F-4B57-8B6A-A3F803C437D0}"
EndProject
Project("{FAE04EC0-301F-11D3-BF4B-00C04F79EFBC}") = "Task7", "Task7\Task7.csproj", "{9DC2B513-1A8E-4C33-A5D2-8D88EA66E7A8}"
EndProject
Project("{FAE04EC0-301F-11D3-BF4B-00C04F79EFBC}") = "Task8", "Task8\Task8.csproj", "{5A691607-012C-49D1-B585-41E82D50940A}"
EndProject
Project("{FAE04EC0-301F-11D3-BF4B-00C04F79EFBC}") = "Task9", "Task9\Task9.csproj", "{C2DC3A4F-820E-4EDB-8562-8946A201B3DC}"
EndProject
Project("{FAE04EC0-301F-11D3-BF4B-00C04F79EFBC}") = "Task10", "Task10\Task10.csproj", "{69A2FF4A-FEB5-4C78-8042-CA0DA3279878}"
EndProject
Global
	GlobalSection(SolutionConfigurationPlatforms) = preSolution
		Debug|Any CPU = Debug|Any CPU
		Release|Any CPU = Release|Any CPU
	EndGlobalSection
	GlobalSection(ProjectConfigurationPlatforms) = postSolution
		{4C51DC0F-AA18-482F-A571-FEE25DB9F96A}.Debug|Any CPU.ActiveCfg = Debug|Any CPU
		{4C51DC0F-AA18-482F-A571-FEE25DB9F96A}.Debug|Any CPU.Build.0 = Debug|Any CPU
		{4C51DC0F-AA18-482F-A571-FEE25DB9F96A}.Release|Any CPU.ActiveCfg = Release|Any CPU
		{4C51DC0F-AA18-482F-A571-FEE25DB9F96A}.Release|Any CPU.Build.0 = Release|Any CPU
		{69D82881-4850-4CA5-BD39-BA7AF60F9914}.Debug|Any CPU.ActiveCfg = Debug|Any CPU
		{69D82881-4850-4CA5-BD39-BA7AF60F9914}.Debug|Any CPU.Build.0 = Debug|Any CPU
		{69D82881-4850-4CA5-BD39-BA7AF60F9914}.Release|Any CPU.ActiveCfg = Release|Any CPU
		{69D82881-4850-4CA5-BD39-BA7AF60F9914}.Release|Any CPU.Build.0 = Release|Any CPU
		{CCD75F1E-428A-4CC8-8ED2-9F677F93EBCE}.Debug|Any CPU.ActiveCfg = Debug|Any CPU
		{CCD75F1E-428A-4CC8-8ED2-9F677F93EBCE}.Debug|Any CPU.Build.0 = Debug|Any CPU
		{CCD75F1E-428A-4CC8-8ED2-9F677F93EBCE}.Release|Any CPU.ActiveCfg = Release|Any CPU
		{CCD75F1E-428A-4CC8-8ED2-9F677F93EBCE}.Release|Any CPU.Build.0 = Release|Any CPU
		{2F6C1C17-9242-4D06-8B48-615A99600223}.Debug|Any CPU.ActiveCfg = Debug|Any CPU
		{2F6C1C17-9242-4D06-8B48-615A99600223}.Debug|Any CPU.Build.0 = Debug|Any CPU
		{2F6C1C17-9242-4D06-8B48-615A99600223}.Release|Any CPU.ActiveCfg = Release|Any CPU
		{2F6C1C17-9242-4D06-8B48-615A99600223}.Release|Any CPU.Build.0 = Release|Any CPU
		{CBEA485D-F1B8-4B87-B3A8-C63A809EA3EA}.Debug|Any CPU.ActiveCfg = Debug|Any CPU
		{CBEA485D-F1B8-4B87-B3A8-C63A809EA3EA}.Debug|Any CPU.Build.0 = Debug|Any CPU
		{CBEA485D-F1B8-4B87-B3A8-C63A809EA3EA}.Release|Any CPU.ActiveCfg = Release|Any CPU
		{CBEA485D-F1B8-4B87-B3A8-C63A809EA3EA}.Release|Any CPU.Build.0 = Release|Any CPU
		{EC392EDA-652F-4B57-8B6A-A3F803C437D0}.Debug|Any CPU.ActiveCfg = Debug|Any CPU
		{EC392EDA-652F-4B57-8B6A-A3F803C437D0}.Debug|Any CPU.Build.0 = Debug|Any CPU
		{EC392EDA-652F-4B57-8B6A-A3F803C437D0}.Release|Any CPU.ActiveCfg = Release|Any CPU
		{EC392EDA-652F-4B57-8B6A-A3F803C437D0}.Release|Any CPU.Build.0 = Release|Any CPU
		{9DC2B513-1A8E-4C33-A5D2-8D88EA66E7A8}.Debug|Any CPU.ActiveCfg = Debug|Any CPU
		{9DC2B513-1A8E-4C33-A5D2-8D88EA66E7A8}.Debug|Any CPU.Build.0 = Debug|Any CPU
		{9DC2B513-1A8E-4C33-A5D2-8D88EA66E7A8}.Release|Any CPU.ActiveCfg = Release|Any CPU
		{9DC2B513-1A8E-4C33-A5D2-8D88EA66E7A8}.Release|Any CPU.Build.0 = Release|Any CPU
		{5A691607-012C-49D1-B585-41E82D50940A}.Debug|Any CPU.ActiveCfg = Debug|Any CPU
		{5A691607-012C-49D1-B585-41E82D50940A}.Debug|Any CPU.Build.0 = Debug|Any CPU
		{5A691607-012C-49D1-B585-41E82D50940A}.Release|Any CPU.ActiveCfg = Release|Any CPU
		{5A691607-012C-49D1-B585-41E82D50940A}.Release|Any CPU.Build.0 = Release|Any CPU
		{C2DC3A4F-820E-4EDB-8562-8946A201B3DC}.Debug|Any CPU.ActiveCfg = Debug|Any CPU
		{C2DC3A4F-820E-4EDB-8562-8946A201B3DC}.Debug|Any CPU.Build.0 = Debug|Any CPU
		{C2DC3A4F-820E-4EDB-8562-8946A201B3DC}.Release|Any CPU.ActiveCfg = Release|Any CPU
		{C2DC3A4F-820E-4EDB-8562-8946A201B3DC}.Release|Any CPU.Build.0 = Release|Any CPU
		{69A2FF4A-FEB5-4C78-8042-CA0DA3279878}.Debug|Any CPU.ActiveCfg = Debug|Any CPU
		{69A2FF4A-FEB5-4C78-8042-CA0DA3279878}.Debug|Any CPU.Build.0 = Debug|Any CPU
		{69A2FF4A-FEB5-4C78-8042-CA0DA3279878}.Release|Any CPU.ActiveCfg = Release|Any CPU
		{69A2FF4A-FEB5-4C78-8042-CA0DA3279878}.Release|Any CPU.Build.0 = Release|Any CPU
	EndGlobalSection
	GlobalSection(SolutionProperties) = preSolution
		HideSolutionNode = FALSE
	EndGlobalSection
EndGlobal
